
Microsoft Visual Studio Solution File, Format Version 12.00
# Visual Studio Version 17
VisualStudioVersion = 17.3.32922.545
MinimumVisualStudioVersion = 10.0.40219.1
Project("{FAE04EC0-301F-11D3-BF4B-00C04F79EFBC}") = "Test3_Mounika_EmployeeClassLibrary", "Test3_Mounika_EmployeeClassLibrary\Test3_Mounika_EmployeeClassLibrary.csproj", "{0F708F9F-166D-45E4-A742-DDF3DDD7BA2A}"
EndProject
Global
	GlobalSection(SolutionConfigurationPlatforms) = preSolution
		Debug|Any CPU = Debug|Any CPU
		Release|Any CPU = Release|Any CPU
	EndGlobalSection
	GlobalSection(ProjectConfigurationPlatforms) = postSolution
		{0F708F9F-166D-45E4-A742-DDF3DDD7BA2A}.Debug|Any CPU.ActiveCfg = Debug|Any CPU
		{0F708F9F-166D-45E4-A742-DDF3DDD7BA2A}.Debug|Any CPU.Build.0 = Debug|Any CPU
		{0F708F9F-166D-45E4-A742-DDF3DDD7BA2A}.Release|Any CPU.ActiveCfg = Release|Any CPU
		{0F708F9F-166D-45E4-A742-DDF3DDD7BA2A}.Release|Any CPU.Build.0 = Release|Any CPU
	EndGlobalSection
	GlobalSection(SolutionProperties) = preSolution
		HideSolutionNode = FALSE
	EndGlobalSection
	GlobalSection(ExtensibilityGlobals) = postSolution
		SolutionGuid = {417643E4-657F-4E78-A372-A2C2781851C1}
	EndGlobalSection
EndGlobal
